
Microsoft Visual Studio Solution File, Format Version 12.00
# Visual Studio Version 16
VisualStudioVersion = 16.0.30320.27
MinimumVisualStudioVersion = 10.0.40219.1
Project("{FAE04EC0-301F-11D3-BF4B-00C04F79EFBC}") = "YYYQ.Framework.Binlog", "YYYQ.Framework.Binlog\YYYQ.Framework.Binlog.csproj", "{FA627CA8-02CF-4229-BF39-63C174CFFE44}"
EndProject
Project("{FAE04EC0-301F-11D3-BF4B-00C04F79EFBC}") = "YYYQ.Framework.Config", "YYYQ.Framework.Config\YYYQ.Framework.Config.csproj", "{A22699AA-3002-4FC4-93A6-DED2A89F1A6D}"
EndProject
Project("{FAE04EC0-301F-11D3-BF4B-00C04F79EFBC}") = "YYYQ.FrameworkTest", "YYYQ.FrameworkTest\YYYQ.FrameworkTest.csproj", "{42439DFF-8D05-4FC6-AADE-BBC088FD1351}"
EndProject
Project("{FAE04EC0-301F-11D3-BF4B-00C04F79EFBC}") = "YYYQ.Framework.Cache", "YYYQ.Framework.Cache\YYYQ.Framework.Cache.csproj", "{B97D68A8-06C1-4905-BB0A-811EF453DD56}"
EndProject
Global
	GlobalSection(SolutionConfigurationPlatforms) = preSolution
		Debug|Any CPU = Debug|Any CPU
		Release|Any CPU = Release|Any CPU
	EndGlobalSection
	GlobalSection(ProjectConfigurationPlatforms) = postSolution
		{FA627CA8-02CF-4229-BF39-63C174CFFE44}.Debug|Any CPU.ActiveCfg = Debug|Any CPU
		{FA627CA8-02CF-4229-BF39-63C174CFFE44}.Debug|Any CPU.Build.0 = Debug|Any CPU
		{FA627CA8-02CF-4229-BF39-63C174CFFE44}.Release|Any CPU.ActiveCfg = Release|Any CPU
		{FA627CA8-02CF-4229-BF39-63C174CFFE44}.Release|Any CPU.Build.0 = Release|Any CPU
		{A22699AA-3002-4FC4-93A6-DED2A89F1A6D}.Debug|Any CPU.ActiveCfg = Debug|Any CPU
		{A22699AA-3002-4FC4-93A6-DED2A89F1A6D}.Debug|Any CPU.Build.0 = Debug|Any CPU
		{A22699AA-3002-4FC4-93A6-DED2A89F1A6D}.Release|Any CPU.ActiveCfg = Release|Any CPU
		{A22699AA-3002-4FC4-93A6-DED2A89F1A6D}.Release|Any CPU.Build.0 = Release|Any CPU
		{42439DFF-8D05-4FC6-AADE-BBC088FD1351}.Debug|Any CPU.ActiveCfg = Debug|Any CPU
		{42439DFF-8D05-4FC6-AADE-BBC088FD1351}.Debug|Any CPU.Build.0 = Debug|Any CPU
		{42439DFF-8D05-4FC6-AADE-BBC088FD1351}.Release|Any CPU.ActiveCfg = Release|Any CPU
		{42439DFF-8D05-4FC6-AADE-BBC088FD1351}.Release|Any CPU.Build.0 = Release|Any CPU
		{B97D68A8-06C1-4905-BB0A-811EF453DD56}.Debug|Any CPU.ActiveCfg = Debug|Any CPU
		{B97D68A8-06C1-4905-BB0A-811EF453DD56}.Debug|Any CPU.Build.0 = Debug|Any CPU
		{B97D68A8-06C1-4905-BB0A-811EF453DD56}.Release|Any CPU.ActiveCfg = Release|Any CPU
		{B97D68A8-06C1-4905-BB0A-811EF453DD56}.Release|Any CPU.Build.0 = Release|Any CPU
	EndGlobalSection
	GlobalSection(SolutionProperties) = preSolution
		HideSolutionNode = FALSE
	EndGlobalSection
	GlobalSection(ExtensibilityGlobals) = postSolution
		SolutionGuid = {67310C82-347B-43E8-8E16-16E2E0B6C816}
	EndGlobalSection
EndGlobal
